{
  "name": "SENIORCARE-CODE",
  "lockfileVersion": 3,
  "requires": true,
  "packages": {
    "": {
      "dependencies": {
        "@fontsource-variable/fira-code": "^5.2.5",
        "@fontsource-variable/rubik": "^5.2.5",
        "@fontsource/rubik": "^5.2.5"
      }
    },
    "node_modules/@fontsource-variable/fira-code": {
      "version": "5.2.5",
      "resolved": "https://registry.npmjs.org/@fontsource-variable/fira-code/-/fira-code-5.2.5.tgz",
      "integrity": "sha512-rw0z/D9Tsp7asvwK/XFHz+xMkgR7MPRCa6U9e77alsmJQFqniEWt/c+1xKCZR2omEw1hVP7ej48Z1O8c/YiSVg==",
      "license": "OFL-1.1",
      "funding": {
        "url": "https://github.com/sponsors/ayuhito"
      }
    },
    "node_modules/@fontsource-variable/rubik": {
      "version": "5.2.5",
      "resolved": "https://registry.npmjs.org/@fontsource-variable/rubik/-/rubik-5.2.5.tgz",
      "integrity": "sha512-6tXqnHFA9/ItIEODfH5LrzLSmcNE5TXD8OuXx14cvmS7j1zX4JgEHjYrhlWhLGuBXXzrOnz0A0oMheMMbXwmWA==",
      "license": "OFL-1.1",
      "funding": {
        "url": "https://github.com/sponsors/ayuhito"
      }
    },
    "node_modules/@fontsource/rubik": {
      "version": "5.2.5",
      "resolved": "https://registry.npmjs.org/@fontsource/rubik/-/rubik-5.2.5.tgz",
      "integrity": "sha512-vr7hwIRJfK+OGi8+pEcNdLCzMoOAxfHPOmfDfZ63mDzG1/OUSeTLWiAtYywKCwPluTcV84hY2CHBUBF+OpKEcw==",
      "license": "OFL-1.1",
      "funding": {
        "url": "https://github.com/sponsors/ayuhito"
      }
    }
  }
}
